// !$*UTF8*$!
{
	archiveVersion = 1;
	classes = {
	};
	objectVersion = 46;
	objects = {

/* Begin PBXBuildFile section */
		ECEFD91D1E507C15004FD7A7 /* main.m in Sources */ = {isa = PBXBuildFile; fileRef = ECEFD91C1E507C15004FD7A7 /* main.m */; };
		ECEFD9201E507C15004FD7A7 /* AppDelegate.m in Sources */ = {isa = PBXBuildFile; fileRef = ECEFD91F1E507C15004FD7A7 /* AppDelegate.m */; };
		ECEFD9221E507C15004FD7A7 /* GameScene.sks in Resources */ = {isa = PBXBuildFile; fileRef = ECEFD9211E507C15004FD7A7 /* GameScene.sks */; };
		ECEFD9241E507C15004FD7A7 /* Actions.sks in Resources */ = {isa = PBXBuildFile; fileRef = ECEFD9231E507C15004FD7A7 /* Actions.sks */; };
		ECEFD9271E507C15004FD7A7 /* GameScene.m in Sources */ = {isa = PBXBuildFile; fileRef = ECEFD9261E507C15004FD7A7 /* GameScene.m */; };
		ECEFD92A1E507C15004FD7A7 /* GameViewController.m in Sources */ = {isa = PBXBuildFile; fileRef = ECEFD9291E507C15004FD7A7 /* GameViewController.m */; };
		ECEFD92D1E507C15004FD7A7 /* Main.storyboard in Resources */ = {isa = PBXBuildFile; fileRef = ECEFD92B1E507C15004FD7A7 /* Main.storyboard */; };
		ECEFD92F1E507C15004FD7A7 /* Assets.xcassets in Resources */ = {isa = PBXBuildFile; fileRef = ECEFD92E1E507C15004FD7A7 /* Assets.xcassets */; };
		ECEFD9321E507C15004FD7A7 /* LaunchScreen.storyboard in Resources */ = {isa = PBXBuildFile; fileRef = ECEFD9301E507C15004FD7A7 /* LaunchScreen.storyboard */; };
		ECEFD93C1E50837F004FD7A7 /* Dog.m in Sources */ = {isa = PBXBuildFile; fileRef = ECEFD93A1E507D12004FD7A7 /* Dog.m */; };
		ECEFD93F1E51B016004FD7A7 /* DogJump.m in Sources */ = {isa = PBXBuildFile; fileRef = ECEFD93E1E51B016004FD7A7 /* DogJump.m */; };
		ECEFD9421E520826004FD7A7 /* DogRun.m in Sources */ = {isa = PBXBuildFile; fileRef = ECEFD9411E520826004FD7A7 /* DogRun.m */; };
/* End PBXBuildFile section */

/* Begin PBXFileReference section */
		ECEFD9181E507C15004FD7A7 /* DogRun.app */ = {isa = PBXFileReference; explicitFileType = wrapper.application; includeInIndex = 0; path = DogRun.app; sourceTree = BUILT_PRODUCTS_DIR; };
		ECEFD91C1E507C15004FD7A7 /* main.m */ = {isa = PBXFileReference; lastKnownFileType = sourcecode.c.objc; path = main.m; sourceTree = "<group>"; };
		ECEFD91E1E507C15004FD7A7 /* AppDelegate.h */ = {isa = PBXFileReference; lastKnownFileType = sourcecode.c.h; path = AppDelegate.h; sourceTree = "<group>"; };
		ECEFD91F1E507C15004FD7A7 /* AppDelegate.m */ = {isa = PBXFileReference; lastKnownFileType = sourcecode.c.objc; path = AppDelegate.m; sourceTree = "<group>"; };
		ECEFD9211E507C15004FD7A7 /* GameScene.sks */ = {isa = PBXFileReference; lastKnownFileType = file.sks; path = GameScene.sks; sourceTree = "<group>"; };
		ECEFD9231E507C15004FD7A7 /* Actions.sks */ = {isa = PBXFileReference; lastKnownFileType = file.sks; path = Actions.sks; sourceTree = "<group>"; };
		ECEFD9251E507C15004FD7A7 /* GameScene.h */ = {isa = PBXFileReference; lastKnownFileType = sourcecode.c.h; path = GameScene.h; sourceTree = "<group>"; };
		ECEFD9261E507C15004FD7A7 /* GameScene.m */ = {isa = PBXFileReference; lastKnownFileType = sourcecode.c.objc; path = GameScene.m; sourceTree = "<group>"; };
		ECEFD9281E507C15004FD7A7 /* GameViewController.h */ = {isa = PBXFileReference; lastKnownFileType = sourcecode.c.h; path = GameViewController.h; sourceTree = "<group>"; };
		ECEFD9291E507C15004FD7A7 /* GameViewController.m */ = {isa = PBXFileReference; lastKnownFileType = sourcecode.c.objc; path = GameViewController.m; sourceTree = "<group>"; };
		ECEFD92C1E507C15004FD7A7 /* Base */ = {isa = PBXFileReference; lastKnownFileType = file.storyboard; name = Base; path = Base.lproj/Main.storyboard; sourceTree = "<group>"; };
		ECEFD92E1E507C15004FD7A7 /* Assets.xcassets */ = {isa = PBXFileReference; lastKnownFileType = folder.assetcatalog; path = Assets.xcassets; sourceTree = "<group>"; };
		ECEFD9311E507C15004FD7A7 /* Base */ = {isa = PBXFileReference; lastKnownFileType = file.storyboard; name = Base; path = Base.lproj/LaunchScreen.storyboard; sourceTree = "<group>"; };
		ECEFD9331E507C15004FD7A7 /* Info.plist */ = {isa = PBXFileReference; lastKnownFileType = text.plist.xml; path = Info.plist; sourceTree = "<group>"; };
		ECEFD9391E507D12004FD7A7 /* Dog.h */ = {isa = PBXFileReference; fileEncoding = 4; lastKnownFileType = sourcecode.c.h; path = Dog.h; sourceTree = "<group>"; };
		ECEFD93A1E507D12004FD7A7 /* Dog.m */ = {isa = PBXFileReference; fileEncoding = 4; lastKnownFileType = sourcecode.c.objc; path = Dog.m; sourceTree = "<group>"; };
		ECEFD93D1E51B016004FD7A7 /* DogJump.h */ = {isa = PBXFileReference; fileEncoding = 4; lastKnownFileType = sourcecode.c.h; path = DogJump.h; sourceTree = "<group>"; };
		ECEFD93E1E51B016004FD7A7 /* DogJump.m */ = {isa = PBXFileReference; fileEncoding = 4; lastKnownFileType = sourcecode.c.objc; path = DogJump.m; sourceTree = "<group>"; };
		ECEFD9401E520826004FD7A7 /* DogRun.h */ = {isa = PBXFileReference; fileEncoding = 4; lastKnownFileType = sourcecode.c.h; path = DogRun.h; sourceTree = "<group>"; };
		ECEFD9411E520826004FD7A7 /* DogRun.m */ = {isa = PBXFileReference; fileEncoding = 4; lastKnownFileType = sourcecode.c.objc; path = DogRun.m; sourceTree = "<group>"; };
/* End PBXFileReference section */

/* Begin PBXFrameworksBuildPhase section */
		ECEFD9151E507C15004FD7A7 /* Frameworks */ = {
			isa = PBXFrameworksBuildPhase;
			buildActionMask = 2147483647;
			files = (
			);
			runOnlyForDeploymentPostprocessing = 0;
		};
/* End PBXFrameworksBuildPhase section */

/* Begin PBXGroup section */
		ECEFD90F1E507C15004FD7A7 = {
			isa = PBXGroup;
			children = (
				ECEFD91A1E507C15004FD7A7 /* DogRun */,
				ECEFD9191E507C15004FD7A7 /* Products */,
			);
			sourceTree = "<group>";
		};
		ECEFD9191E507C15004FD7A7 /* Products */ = {
			isa = PBXGroup;
			children = (
				ECEFD9181E507C15004FD7A7 /* DogRun.app */,
			);
			name = Products;
			sourceTree = "<group>";
		};
		ECEFD91A1E507C15004FD7A7 /* DogRun */ = {
			isa = PBXGroup;
			children = (
				ECEFD91E1E507C15004FD7A7 /* AppDelegate.h */,
				ECEFD91F1E507C15004FD7A7 /* AppDelegate.m */,
				ECEFD9211E507C15004FD7A7 /* GameScene.sks */,
				ECEFD9231E507C15004FD7A7 /* Actions.sks */,
				ECEFD9391E507D12004FD7A7 /* Dog.h */,
				ECEFD93A1E507D12004FD7A7 /* Dog.m */,
				ECEFD9401E520826004FD7A7 /* DogRun.h */,
				ECEFD9411E520826004FD7A7 /* DogRun.m */,
				ECEFD93D1E51B016004FD7A7 /* DogJump.h */,
				ECEFD93E1E51B016004FD7A7 /* DogJump.m */,
				ECEFD9251E507C15004FD7A7 /* GameScene.h */,
				ECEFD9261E507C15004FD7A7 /* GameScene.m */,
				ECEFD9281E507C15004FD7A7 /* GameViewController.h */,
				ECEFD9291E507C15004FD7A7 /* GameViewController.m */,
				ECEFD92B1E507C15004FD7A7 /* Main.storyboard */,
				ECEFD92E1E507C15004FD7A7 /* Assets.xcassets */,
				ECEFD9301E507C15004FD7A7 /* LaunchScreen.storyboard */,
				ECEFD9331E507C15004FD7A7 /* Info.plist */,
				ECEFD91B1E507C15004FD7A7 /* Supporting Files */,
			);
			path = DogRun;
			sourceTree = "<group>";
		};
		ECEFD91B1E507C15004FD7A7 /* Supporting Files */ = {
			isa = PBXGroup;
			children = (
				ECEFD91C1E507C15004FD7A7 /* main.m */,
			);
			name = "Supporting Files";
			sourceTree = "<group>";
		};
/* End PBXGroup section */

/* Begin PBXNativeTarget section */
		ECEFD9171E507C15004FD7A7 /* DogRun */ = {
			isa = PBXNativeTarget;
			buildConfigurationList = ECEFD9361E507C15004FD7A7 /* Build configuration list for PBXNativeTarget "DogRun" */;
			buildPhases = (
				ECEFD9141E507C15004FD7A7 /* Sources */,
				ECEFD9151E507C15004FD7A7 /* Frameworks */,
				ECEFD9161E507C15004FD7A7 /* Resources */,
			);
			buildRules = (
			);
			dependencies = (
			);
			name = DogRun;
			productName = DogRun;
			productReference = ECEFD9181E507C15004FD7A7 /* DogRun.app */;
			productType = "com.apple.product-type.application";
		};
/* End PBXNativeTarget section */

/* Begin PBXProject section */
		ECEFD9101E507C15004FD7A7 /* Project object */ = {
			isa = PBXProject;
			attributes = {
				LastUpgradeCheck = 0820;
				ORGANIZATIONNAME = "Anton Orzes";
				TargetAttributes = {
					ECEFD9171E507C15004FD7A7 = {
						CreatedOnToolsVersion = 8.2.1;
						DevelopmentTeam = 8Z7M987K48;
						ProvisioningStyle = Automatic;
					};
				};
			};
			buildConfigurationList = ECEFD9131E507C15004FD7A7 /* Build configuration list for PBXProject "DogRun" */;
			compatibilityVersion = "Xcode 3.2";
			developmentRegion = English;
			hasScannedForEncodings = 0;
			knownRegions = (
				en,
				Base,
			);
			mainGroup = ECEFD90F1E507C15004FD7A7;
			productRefGroup = ECEFD9191E507C15004FD7A7 /* Products */;
			projectDirPath = "";
			projectRoot = "";
			targets = (
				ECEFD9171E507C15004FD7A7 /* DogRun */,
			);
		};
/* End PBXProject section */

/* Begin PBXResourcesBuildPhase section */
		ECEFD9161E507C15004FD7A7 /* Resources */ = {
			isa = PBXResourcesBuildPhase;
			buildActionMask = 2147483647;
			files = (
				ECEFD92D1E507C15004FD7A7 /* Main.storyboard in Resources */,
				ECEFD9221E507C15004FD7A7 /* GameScene.sks in Resources */,
				ECEFD92F1E507C15004FD7A7 /* Assets.xcassets in Resources */,
				ECEFD9321E507C15004FD7A7 /* LaunchScreen.storyboard in Resources */,
				ECEFD9241E507C15004FD7A7 /* Actions.sks in Resources */,
			);
			runOnlyForDeploymentPostprocessing = 0;
		};
/* End PBXResourcesBuildPhase section */

/* Begin PBXSourcesBuildPhase section */
		ECEFD9141E507C15004FD7A7 /* Sources */ = {
			isa = PBXSourcesBuildPhase;
			buildActionMask = 2147483647;
			files = (
				ECEFD92A1E507C15004FD7A7 /* GameViewController.m in Sources */,
				ECEFD9201E507C15004FD7A7 /* AppDelegate.m in Sources */,
				ECEFD93F1E51B016004FD7A7 /* DogJump.m in Sources */,
				ECEFD9421E520826004FD7A7 /* DogRun.m in Sources */,
				ECEFD93C1E50837F004FD7A7 /* Dog.m in Sources */,
				ECEFD9271E507C15004FD7A7 /* GameScene.m in Sources */,
				ECEFD91D1E507C15004FD7A7 /* main.m in Sources */,
			);
			runOnlyForDeploymentPostprocessing = 0;
		};
/* End PBXSourcesBuildPhase section */

/* Begin PBXVariantGroup section */
		ECEFD92B1E507C15004FD7A7 /* Main.storyboard */ = {
			isa = PBXVariantGroup;
			children = (
				ECEFD92C1E507C15004FD7A7 /* Base */,
			);
			name = Main.storyboard;
			sourceTree = "<group>";
		};
		ECEFD9301E507C15004FD7A7 /* LaunchScreen.storyboard */ = {
			isa = PBXVariantGroup;
			children = (
				ECEFD9311E507C15004FD7A7 /* Base */,
			);
			name = LaunchScreen.storyboard;
			sourceTree = "<group>";
		};
/* End PBXVariantGroup section */

/* Begin XCBuildConfiguration section */
		ECEFD9341E507C15004FD7A7 /* Debug */ = {
			isa = XCBuildConfiguration;
			buildSettings = {
				ALWAYS_SEARCH_USER_PATHS = NO;
				CLANG_ANALYZER_NONNULL = YES;
				CLANG_CXX_LANGUAGE_STANDARD = "gnu++0x";
				CLANG_CXX_LIBRARY = "libc++";
				CLANG_ENABLE_MODULES = YES;
				CLANG_ENABLE_OBJC_ARC = YES;
				CLANG_WARN_BOOL_CONVERSION = YES;
				CLANG_WARN_CONSTANT_CONVERSION = YES;
				CLANG_WARN_DIRECT_OBJC_ISA_USAGE = YES_ERROR;
				CLANG_WARN_DOCUMENTATION_COMMENTS = YES;
				CLANG_WARN_EMPTY_BODY = YES;
				CLANG_WARN_ENUM_CONVERSION = YES;
				CLANG_WARN_INFINITE_RECURSION = YES;
				CLANG_WARN_INT_CONVERSION = YES;
				CLANG_WARN_OBJC_ROOT_CLASS = YES_ERROR;
				CLANG_WARN_SUSPICIOUS_MOVE = YES;
				CLANG_WARN_UNREACHABLE_CODE = YES;
				CLANG_WARN__DUPLICATE_METHOD_MATCH = YES;
				"CODE_SIGN_IDENTITY[sdk=iphoneos*]" = "iPhone Developer";
				COPY_PHASE_STRIP = NO;
				DEBUG_INFORMATION_FORMAT = dwarf;
				ENABLE_STRICT_OBJC_MSGSEND = YES;
				ENABLE_TESTABILITY = YES;
				GCC_C_LANGUAGE_STANDARD = gnu99;
				GCC_DYNAMIC_NO_PIC = NO;
				GCC_NO_COMMON_BLOCKS = YES;
				GCC_OPTIMIZATION_LEVEL = 0;
				GCC_PREPROCESSOR_DEFINITIONS = (
					"DEBUG=1",
					"$(inherited)",
				);
				GCC_WARN_64_TO_32_BIT_CONVERSION = YES;
				GCC_WARN_ABOUT_RETURN_TYPE = YES_ERROR;
				GCC_WARN_UNDECLARED_SELECTOR = YES;
				GCC_WARN_UNINITIALIZED_AUTOS = YES_AGGRESSIVE;
				GCC_WARN_UNUSED_FUNCTION = YES;
				GCC_WARN_UNUSED_VARIABLE = YES;
				IPHONEOS_DEPLOYMENT_TARGET = 10.2;
				MTL_ENABLE_DEBUG_INFO = YES;
				ONLY_ACTIVE_ARCH = YES;
				SDKROOT = iphoneos;
				TARGETED_DEVICE_FAMILY = "1,2";
			};
			name = Debug;
		};
		ECEFD9351E507C15004FD7A7 /* Release */ = {
			isa = XCBuildConfiguration;
			buildSettings = {
				ALWAYS_SEARCH_USER_PATHS = NO;
				CLANG_ANALYZER_NONNULL = YES;
				CLANG_CXX_LANGUAGE_STANDARD = "gnu++0x";
				CLANG_CXX_LIBRARY = "libc++";
				CLANG_ENABLE_MODULES = YES;
				CLANG_ENABLE_OBJC_ARC = YES;
				CLANG_WARN_BOOL_CONVERSION = YES;
				CLANG_WARN_CONSTANT_CONVERSION = YES;
				CLANG_WARN_DIRECT_OBJC_ISA_USAGE = YES_ERROR;
				CLANG_WARN_DOCUMENTATION_COMMENTS = YES;
				CLANG_WARN_EMPTY_BODY = YES;
				CLANG_WARN_ENUM_CONVERSION = YES;
				CLANG_WARN_INFINITE_RECURSION = YES;
				CLANG_WARN_INT_CONVERSION = YES;
				CLANG_WARN_OBJC_ROOT_CLASS = YES_ERROR;
				CLANG_WARN_SUSPICIOUS_MOVE = YES;
				CLANG_WARN_UNREACHABLE_CODE = YES;
				CLANG_WARN__DUPLICATE_METHOD_MATCH = YES;
				"CODE_SIGN_IDENTITY[sdk=iphoneos*]" = "iPhone Developer";
				COPY_PHASE_STRIP = NO;
				DEBUG_INFORMATION_FORMAT = "dwarf-with-dsym";
				ENABLE_NS_ASSERTIONS = NO;
				ENABLE_STRICT_OBJC_MSGSEND = YES;
				GCC_C_LANGUAGE_STANDARD = gnu99;
				GCC_NO_COMMON_BLOCKS = YES;
				GCC_WARN_64_TO_32_BIT_CONVERSION = YES;
				GCC_WARN_ABOUT_RETURN_TYPE = YES_ERROR;
				GCC_WARN_UNDECLARED_SELECTOR = YES;
				GCC_WARN_UNINITIALIZED_AUTOS = YES_AGGRESSIVE;
				GCC_WARN_UNUSED_FUNCTION = YES;
				GCC_WARN_UNUSED_VARIABLE = YES;
				IPHONEOS_DEPLOYMENT_TARGET = 10.2;
				MTL_ENABLE_DEBUG_INFO = NO;
				SDKROOT = iphoneos;
				TARGETED_DEVICE_FAMILY = "1,2";
				VALIDATE_PRODUCT = YES;
			};
			name = Release;
		};
		ECEFD9371E507C15004FD7A7 /* Debug */ = {
			isa = XCBuildConfiguration;
			buildSettings = {
				ASSETCATALOG_COMPILER_APPICON_NAME = AppIcon;
				DEVELOPMENT_TEAM = 8Z7M987K48;
				INFOPLIST_FILE = DogRun/Info.plist;
				LD_RUNPATH_SEARCH_PATHS = "$(inherited) @executable_path/Frameworks";
				PRODUCT_BUNDLE_IDENTIFIER = orzes.DogRun;
				PRODUCT_NAME = "$(TARGET_NAME)";
			};
			name = Debug;
		};
		ECEFD9381E507C15004FD7A7 /* Release */ = {
			isa = XCBuildConfiguration;
			buildSettings = {
				ASSETCATALOG_COMPILER_APPICON_NAME = AppIcon;
				DEVELOPMENT_TEAM = 8Z7M987K48;
				INFOPLIST_FILE = DogRun/Info.plist;
				LD_RUNPATH_SEARCH_PATHS = "$(inherited) @executable_path/Frameworks";
				PRODUCT_BUNDLE_IDENTIFIER = orzes.DogRun;
				PRODUCT_NAME = "$(TARGET_NAME)";
			};
			name = Release;
		};
/* End XCBuildConfiguration section */

/* Begin XCConfigurationList section */
		ECEFD9131E507C15004FD7A7 /* Build configuration list for PBXProject "DogRun" */ = {
			isa = XCConfigurationList;
			buildConfigurations = (
				ECEFD9341E507C15004FD7A7 /* Debug */,
				ECEFD9351E507C15004FD7A7 /* Release */,
			);
			defaultConfigurationIsVisible = 0;
			defaultConfigurationName = Release;
		};
		ECEFD9361E507C15004FD7A7 /* Build configuration list for PBXNativeTarget "DogRun" */ = {
			isa = XCConfigurationList;
			buildConfigurations = (
				ECEFD9371E507C15004FD7A7 /* Debug */,
				ECEFD9381E507C15004FD7A7 /* Release */,
			);
			defaultConfigurationIsVisible = 0;
			defaultConfigurationName = Release;
		};
/* End XCConfigurationList section */
	};
	rootObject = ECEFD9101E507C15004FD7A7 /* Project object */;
}
